// !$*UTF8*$!
{
	archiveVersion = 1;
	classes = {
	};
	objectVersion = 46;
	objects = {

/* Begin PBXBuildFile section */
		D6A7BDAA16A1DEA200D1426A /* OpenGL.framework in Frameworks */ = {isa = PBXBuildFile; fileRef = D6A7BDA916A1DEA200D1426A /* OpenGL.framework */; };
		D6A7BDC116A1DEC000D1426A /* CoreFoundation.framework in Frameworks */ = {isa = PBXBuildFile; fileRef = D6A7BDC016A1DEC000D1426A /* CoreFoundation.framework */; };
		EB071D621BD03E3800119F20 /* AircraftState.cpp in Sources */ = {isa = PBXBuildFile; fileRef = EB0707D51BD03E3400119F20 /* AircraftState.cpp */; settings = {ASSET_TAGS = (); }; };
		EB071D631BD03E3800119F20 /* Calculator.cpp in Sources */ = {isa = PBXBuildFile; fileRef = EB0707D71BD03E3400119F20 /* Calculator.cpp */; settings = {ASSET_TAGS = (); }; };
		EB071D641BD03E3800119F20 /* MessageLogger.cpp in Sources */ = {isa = PBXBuildFile; fileRef = EB0707D91BD03E3400119F20 /* MessageLogger.cpp */; settings = {ASSET_TAGS = (); }; };
		EB071D651BD03E3800119F20 /* PID_v1.cpp in Sources */ = {isa = PBXBuildFile; fileRef = EB0707DA1BD03E3400119F20 /* PID_v1.cpp */; settings = {ASSET_TAGS = (); }; };
		EB071D661BD03E3800119F20 /* DebugWindow.cpp in Sources */ = {isa = PBXBuildFile; fileRef = EB0707DC1BD03E3400119F20 /* DebugWindow.cpp */; settings = {ASSET_TAGS = (); }; };
		EB071D671BD03E3800119F20 /* main.cpp in Sources */ = {isa = PBXBuildFile; fileRef = EB0707DE1BD03E3400119F20 /* main.cpp */; settings = {ASSET_TAGS = (); }; };
		EB071D681BD03E3800119F20 /* SimulatorInterface.cpp in Sources */ = {isa = PBXBuildFile; fileRef = EB0707E31BD03E3400119F20 /* SimulatorInterface.cpp */; settings = {ASSET_TAGS = (); }; };
		EB071D691BD03E3800119F20 /* XPlaneInterface.cpp in Sources */ = {isa = PBXBuildFile; fileRef = EB0707E51BD03E3400119F20 /* XPlaneInterface.cpp */; settings = {ASSET_TAGS = (); }; };
		EB0725BD1BD03E3900119F20 /* AirbusComponent.cpp in Sources */ = {isa = PBXBuildFile; fileRef = EB071D301BD03E3800119F20 /* AirbusComponent.cpp */; settings = {ASSET_TAGS = (); }; };
		EB0725BE1BD03E3900119F20 /* ATA22_ELAC.cpp in Sources */ = {isa = PBXBuildFile; fileRef = EB071D321BD03E3800119F20 /* ATA22_ELAC.cpp */; settings = {ASSET_TAGS = (); }; };
		EB0725BF1BD03E3900119F20 /* ATA22_FMGC.cpp in Sources */ = {isa = PBXBuildFile; fileRef = EB071D341BD03E3800119F20 /* ATA22_FMGC.cpp */; settings = {ASSET_TAGS = (); }; };
		EB0725C01BD03E3900119F20 /* ATA31_DMC.cpp in Sources */ = {isa = PBXBuildFile; fileRef = EB071D361BD03E3800119F20 /* ATA31_DMC.cpp */; settings = {ASSET_TAGS = (); }; };
		EB0725C11BD03E3900119F20 /* ATA31_DU.cpp in Sources */ = {isa = PBXBuildFile; fileRef = EB071D381BD03E3800119F20 /* ATA31_DU.cpp */; settings = {ASSET_TAGS = (); }; };
		EB0725C21BD03E3900119F20 /* ATA31_EWD.cpp in Sources */ = {isa = PBXBuildFile; fileRef = EB071D3A1BD03E3800119F20 /* ATA31_EWD.cpp */; settings = {ASSET_TAGS = (); }; };
		EB0725C31BD03E3900119F20 /* ATA31_FWC.cpp in Sources */ = {isa = PBXBuildFile; fileRef = EB071D3C1BD03E3800119F20 /* ATA31_FWC.cpp */; settings = {ASSET_TAGS = (); }; };
		EB0725C41BD03E3900119F20 /* ATA31_ND.cpp in Sources */ = {isa = PBXBuildFile; fileRef = EB071D3E1BD03E3800119F20 /* ATA31_ND.cpp */; settings = {ASSET_TAGS = (); }; };
		EB0725C51BD03E3900119F20 /* ATA31_PFD.cpp in Sources */ = {isa = PBXBuildFile; fileRef = EB071D401BD03E3800119F20 /* ATA31_PFD.cpp */; settings = {ASSET_TAGS = (); }; };
		EB0725C61BD03E3900119F20 /* ATA31_SD.cpp in Sources */ = {isa = PBXBuildFile; fileRef = EB071D421BD03E3800119F20 /* ATA31_SD.cpp */; settings = {ASSET_TAGS = (); }; };
		EB0725C71BD03E3900119F20 /* ATA31_SDAC.cpp in Sources */ = {isa = PBXBuildFile; fileRef = EB071D441BD03E3800119F20 /* ATA31_SDAC.cpp */; settings = {ASSET_TAGS = (); }; };
		EB0725C81BD03E3900119F20 /* ATA32_LGCIU.cpp in Sources */ = {isa = PBXBuildFile; fileRef = EB071D461BD03E3800119F20 /* ATA32_LGCIU.cpp */; settings = {ASSET_TAGS = (); }; };
		EB0725C91BD03E3900119F20 /* ADIRU.cpp in Sources */ = {isa = PBXBuildFile; fileRef = EB071D491BD03E3800119F20 /* ADIRU.cpp */; settings = {ASSET_TAGS = (); }; };
		EB0725CA1BD03E3900119F20 /* AOAProbe.cpp in Sources */ = {isa = PBXBuildFile; fileRef = EB071D4B1BD03E3800119F20 /* AOAProbe.cpp */; settings = {ASSET_TAGS = (); }; };
		EB0725CB1BD03E3900119F20 /* PitotProbe.cpp in Sources */ = {isa = PBXBuildFile; fileRef = EB071D4D1BD03E3800119F20 /* PitotProbe.cpp */; settings = {ASSET_TAGS = (); }; };
		EB0725CC1BD03E3900119F20 /* RadioAlt.cpp in Sources */ = {isa = PBXBuildFile; fileRef = EB071D4F1BD03E3800119F20 /* RadioAlt.cpp */; settings = {ASSET_TAGS = (); }; };
		EB0725CD1BD03E3900119F20 /* StaticProbe.cpp in Sources */ = {isa = PBXBuildFile; fileRef = EB071D511BD03E3800119F20 /* StaticProbe.cpp */; settings = {ASSET_TAGS = (); }; };
		EB0725CE1BD03E3900119F20 /* TATProbe.cpp in Sources */ = {isa = PBXBuildFile; fileRef = EB071D531BD03E3800119F20 /* TATProbe.cpp */; settings = {ASSET_TAGS = (); }; };
		EB0725CF1BD03E3900119F20 /* ElectricBus.cpp in Sources */ = {isa = PBXBuildFile; fileRef = EB071D571BD03E3800119F20 /* ElectricBus.cpp */; settings = {ASSET_TAGS = (); }; };
		EB0725D01BD03E3900119F20 /* ElectricGenerator.cpp in Sources */ = {isa = PBXBuildFile; fileRef = EB071D581BD03E3800119F20 /* ElectricGenerator.cpp */; settings = {ASSET_TAGS = (); }; };
		EB0725D11BD03E3900119F20 /* ElectricNetwork.cpp in Sources */ = {isa = PBXBuildFile; fileRef = EB071D591BD03E3800119F20 /* ElectricNetwork.cpp */; settings = {ASSET_TAGS = (); }; };
		EB0725D21BD03E3900119F20 /* ElectricSink.cpp in Sources */ = {isa = PBXBuildFile; fileRef = EB071D5A1BD03E3800119F20 /* ElectricSink.cpp */; settings = {ASSET_TAGS = (); }; };
		EB0725D31BD03E3900119F20 /* ElectricSource.cpp in Sources */ = {isa = PBXBuildFile; fileRef = EB071D5B1BD03E3800119F20 /* ElectricSource.cpp */; settings = {ASSET_TAGS = (); }; };
		EB21DAB11BD2DB1500A9A10B /* A320.cpp in Sources */ = {isa = PBXBuildFile; fileRef = EB0707D11BD03E3400119F20 /* A320.cpp */; settings = {ASSET_TAGS = (); }; };
		EBD4FD801BCF29B8003905E7 /* XPLM.framework in Frameworks */ = {isa = PBXBuildFile; fileRef = EBD4FD7F1BCF29B8003905E7 /* XPLM.framework */; settings = {ASSET_TAGS = (); }; };
		EBD4FD821BCF29C1003905E7 /* XPWidgets.framework in Frameworks */ = {isa = PBXBuildFile; fileRef = EBD4FD811BCF29C1003905E7 /* XPWidgets.framework */; settings = {ASSET_TAGS = (); }; };
/* End PBXBuildFile section */

/* Begin PBXFileReference section */
		D607B19909A556E400699BC3 /* XPAirbusSystems.xpl */ = {isa = PBXFileReference; explicitFileType = "compiled.mach-o.dylib"; includeInIndex = 0; path = XPAirbusSystems.xpl; sourceTree = BUILT_PRODUCTS_DIR; };
		D6A7BDA916A1DEA200D1426A /* OpenGL.framework */ = {isa = PBXFileReference; lastKnownFileType = wrapper.framework; name = OpenGL.framework; path = System/Library/Frameworks/OpenGL.framework; sourceTree = SDKROOT; };
		D6A7BDC016A1DEC000D1426A /* CoreFoundation.framework */ = {isa = PBXFileReference; lastKnownFileType = wrapper.framework; name = CoreFoundation.framework; path = System/Library/Frameworks/CoreFoundation.framework; sourceTree = SDKROOT; };
		EB0707D11BD03E3400119F20 /* A320.cpp */ = {isa = PBXFileReference; fileEncoding = 4; lastKnownFileType = sourcecode.cpp.cpp; path = A320.cpp; sourceTree = "<group>"; };
		EB0707D21BD03E3400119F20 /* A320.h */ = {isa = PBXFileReference; fileEncoding = 4; lastKnownFileType = sourcecode.c.h; path = A320.h; sourceTree = "<group>"; };
		EB0707D41BD03E3400119F20 /* AdiruData.h */ = {isa = PBXFileReference; fileEncoding = 4; lastKnownFileType = sourcecode.c.h; path = AdiruData.h; sourceTree = "<group>"; };
		EB0707D51BD03E3400119F20 /* AircraftState.cpp */ = {isa = PBXFileReference; fileEncoding = 4; lastKnownFileType = sourcecode.cpp.cpp; path = AircraftState.cpp; sourceTree = "<group>"; };
		EB0707D61BD03E3400119F20 /* AircraftState.h */ = {isa = PBXFileReference; fileEncoding = 4; lastKnownFileType = sourcecode.c.h; path = AircraftState.h; sourceTree = "<group>"; };
		EB0707D71BD03E3400119F20 /* Calculator.cpp */ = {isa = PBXFileReference; fileEncoding = 4; lastKnownFileType = sourcecode.cpp.cpp; path = Calculator.cpp; sourceTree = "<group>"; };
		EB0707D81BD03E3400119F20 /* core.h */ = {isa = PBXFileReference; fileEncoding = 4; lastKnownFileType = sourcecode.c.h; path = core.h; sourceTree = "<group>"; };
		EB0707D91BD03E3400119F20 /* MessageLogger.cpp */ = {isa = PBXFileReference; fileEncoding = 4; lastKnownFileType = sourcecode.cpp.cpp; path = MessageLogger.cpp; sourceTree = "<group>"; };
		EB0707DA1BD03E3400119F20 /* PID_v1.cpp */ = {isa = PBXFileReference; fileEncoding = 4; lastKnownFileType = sourcecode.cpp.cpp; path = PID_v1.cpp; sourceTree = "<group>"; };
		EB0707DB1BD03E3400119F20 /* PID_v1.h */ = {isa = PBXFileReference; fileEncoding = 4; lastKnownFileType = sourcecode.c.h; path = PID_v1.h; sourceTree = "<group>"; };
		EB0707DC1BD03E3400119F20 /* DebugWindow.cpp */ = {isa = PBXFileReference; fileEncoding = 4; lastKnownFileType = sourcecode.cpp.cpp; path = DebugWindow.cpp; sourceTree = "<group>"; };
		EB0707DD1BD03E3400119F20 /* DebugWindow.h */ = {isa = PBXFileReference; fileEncoding = 4; lastKnownFileType = sourcecode.c.h; path = DebugWindow.h; sourceTree = "<group>"; };
		EB0707DE1BD03E3400119F20 /* main.cpp */ = {isa = PBXFileReference; fileEncoding = 4; lastKnownFileType = sourcecode.cpp.cpp; path = main.cpp; sourceTree = "<group>"; };
		EB0707DF1BD03E3400119F20 /* main.h */ = {isa = PBXFileReference; fileEncoding = 4; lastKnownFileType = sourcecode.c.h; path = main.h; sourceTree = "<group>"; };
		EB0707E31BD03E3400119F20 /* SimulatorInterface.cpp */ = {isa = PBXFileReference; fileEncoding = 4; lastKnownFileType = sourcecode.cpp.cpp; path = SimulatorInterface.cpp; sourceTree = "<group>"; };
		EB0707E41BD03E3400119F20 /* SimulatorInterface.h */ = {isa = PBXFileReference; fileEncoding = 4; lastKnownFileType = sourcecode.c.h; path = SimulatorInterface.h; sourceTree = "<group>"; };
		EB0707E51BD03E3400119F20 /* XPlaneInterface.cpp */ = {isa = PBXFileReference; fileEncoding = 4; lastKnownFileType = sourcecode.cpp.cpp; path = XPlaneInterface.cpp; sourceTree = "<group>"; };
		EB0707E61BD03E3400119F20 /* XPlaneInterface.h */ = {isa = PBXFileReference; fileEncoding = 4; lastKnownFileType = sourcecode.c.h; path = XPlaneInterface.h; sourceTree = "<group>"; };
		EB071D301BD03E3800119F20 /* AirbusComponent.cpp */ = {isa = PBXFileReference; fileEncoding = 4; lastKnownFileType = sourcecode.cpp.cpp; path = AirbusComponent.cpp; sourceTree = "<group>"; };
		EB071D311BD03E3800119F20 /* AirbusComponent.h */ = {isa = PBXFileReference; fileEncoding = 4; lastKnownFileType = sourcecode.c.h; path = AirbusComponent.h; sourceTree = "<group>"; };
		EB071D321BD03E3800119F20 /* ATA22_ELAC.cpp */ = {isa = PBXFileReference; fileEncoding = 4; lastKnownFileType = sourcecode.cpp.cpp; path = ATA22_ELAC.cpp; sourceTree = "<group>"; };
		EB071D331BD03E3800119F20 /* ATA22_ELAC.h */ = {isa = PBXFileReference; fileEncoding = 4; lastKnownFileType = sourcecode.c.h; path = ATA22_ELAC.h; sourceTree = "<group>"; };
		EB071D341BD03E3800119F20 /* ATA22_FMGC.cpp */ = {isa = PBXFileReference; fileEncoding = 4; lastKnownFileType = sourcecode.cpp.cpp; path = ATA22_FMGC.cpp; sourceTree = "<group>"; };
		EB071D351BD03E3800119F20 /* ATA22_FMGC.h */ = {isa = PBXFileReference; fileEncoding = 4; lastKnownFileType = sourcecode.c.h; path = ATA22_FMGC.h; sourceTree = "<group>"; };
		EB071D361BD03E3800119F20 /* ATA31_DMC.cpp */ = {isa = PBXFileReference; fileEncoding = 4; lastKnownFileType = sourcecode.cpp.cpp; path = ATA31_DMC.cpp; sourceTree = "<group>"; };
		EB071D371BD03E3800119F20 /* ATA31_DMC.h */ = {isa = PBXFileReference; fileEncoding = 4; lastKnownFileType = sourcecode.c.h; path = ATA31_DMC.h; sourceTree = "<group>"; };
		EB071D381BD03E3800119F20 /* ATA31_DU.cpp */ = {isa = PBXFileReference; fileEncoding = 4; lastKnownFileType = sourcecode.cpp.cpp; path = ATA31_DU.cpp; sourceTree = "<group>"; };
		EB071D391BD03E3800119F20 /* ATA31_DU.h */ = {isa = PBXFileReference; fileEncoding = 4; lastKnownFileType = sourcecode.c.h; path = ATA31_DU.h; sourceTree = "<group>"; };
		EB071D3A1BD03E3800119F20 /* ATA31_EWD.cpp */ = {isa = PBXFileReference; fileEncoding = 4; lastKnownFileType = sourcecode.cpp.cpp; path = ATA31_EWD.cpp; sourceTree = "<group>"; };
		EB071D3B1BD03E3800119F20 /* ATA31_EWD.h */ = {isa = PBXFileReference; fileEncoding = 4; lastKnownFileType = sourcecode.c.h; path = ATA31_EWD.h; sourceTree = "<group>"; };
		EB071D3C1BD03E3800119F20 /* ATA31_FWC.cpp */ = {isa = PBXFileReference; fileEncoding = 4; lastKnownFileType = sourcecode.cpp.cpp; path = ATA31_FWC.cpp; sourceTree = "<group>"; };
		EB071D3D1BD03E3800119F20 /* ATA31_FWC.h */ = {isa = PBXFileReference; fileEncoding = 4; lastKnownFileType = sourcecode.c.h; path = ATA31_FWC.h; sourceTree = "<group>"; };
		EB071D3E1BD03E3800119F20 /* ATA31_ND.cpp */ = {isa = PBXFileReference; fileEncoding = 4; lastKnownFileType = sourcecode.cpp.cpp; path = ATA31_ND.cpp; sourceTree = "<group>"; };
		EB071D3F1BD03E3800119F20 /* ATA31_ND.h */ = {isa = PBXFileReference; fileEncoding = 4; lastKnownFileType = sourcecode.c.h; path = ATA31_ND.h; sourceTree = "<group>"; };
		EB071D401BD03E3800119F20 /* ATA31_PFD.cpp */ = {isa = PBXFileReference; fileEncoding = 4; lastKnownFileType = sourcecode.cpp.cpp; path = ATA31_PFD.cpp; sourceTree = "<group>"; };
		EB071D411BD03E3800119F20 /* ATA31_PFD.h */ = {isa = PBXFileReference; fileEncoding = 4; lastKnownFileType = sourcecode.c.h; path = ATA31_PFD.h; sourceTree = "<group>"; };
		EB071D421BD03E3800119F20 /* ATA31_SD.cpp */ = {isa = PBXFileReference; fileEncoding = 4; lastKnownFileType = sourcecode.cpp.cpp; path = ATA31_SD.cpp; sourceTree = "<group>"; };
		EB071D431BD03E3800119F20 /* ATA31_SD.h */ = {isa = PBXFileReference; fileEncoding = 4; lastKnownFileType = sourcecode.c.h; path = ATA31_SD.h; sourceTree = "<group>"; };
		EB071D441BD03E3800119F20 /* ATA31_SDAC.cpp */ = {isa = PBXFileReference; fileEncoding = 4; lastKnownFileType = sourcecode.cpp.cpp; path = ATA31_SDAC.cpp; sourceTree = "<group>"; };
		EB071D451BD03E3800119F20 /* ATA31_SDAC.h */ = {isa = PBXFileReference; fileEncoding = 4; lastKnownFileType = sourcecode.c.h; path = ATA31_SDAC.h; sourceTree = "<group>"; };
		EB071D461BD03E3800119F20 /* ATA32_LGCIU.cpp */ = {isa = PBXFileReference; fileEncoding = 4; lastKnownFileType = sourcecode.cpp.cpp; path = ATA32_LGCIU.cpp; sourceTree = "<group>"; };
		EB071D471BD03E3800119F20 /* ATA32_LGCIU.h */ = {isa = PBXFileReference; fileEncoding = 4; lastKnownFileType = sourcecode.c.h; path = ATA32_LGCIU.h; sourceTree = "<group>"; };
		EB071D491BD03E3800119F20 /* ADIRU.cpp */ = {isa = PBXFileReference; fileEncoding = 4; lastKnownFileType = sourcecode.cpp.cpp; path = ADIRU.cpp; sourceTree = "<group>"; };
		EB071D4A1BD03E3800119F20 /* ADIRU.h */ = {isa = PBXFileReference; fileEncoding = 4; lastKnownFileType = sourcecode.c.h; path = ADIRU.h; sourceTree = "<group>"; };
		EB071D4B1BD03E3800119F20 /* AOAProbe.cpp */ = {isa = PBXFileReference; fileEncoding = 4; lastKnownFileType = sourcecode.cpp.cpp; path = AOAProbe.cpp; sourceTree = "<group>"; };
		EB071D4C1BD03E3800119F20 /* AOAProbe.h */ = {isa = PBXFileReference; fileEncoding = 4; lastKnownFileType = sourcecode.c.h; path = AOAProbe.h; sourceTree = "<group>"; };
		EB071D4D1BD03E3800119F20 /* PitotProbe.cpp */ = {isa = PBXFileReference; fileEncoding = 4; lastKnownFileType = sourcecode.cpp.cpp; path = PitotProbe.cpp; sourceTree = "<group>"; };
		EB071D4E1BD03E3800119F20 /* PitotProbe.h */ = {isa = PBXFileReference; fileEncoding = 4; lastKnownFileType = sourcecode.c.h; path = PitotProbe.h; sourceTree = "<group>"; };
		EB071D4F1BD03E3800119F20 /* RadioAlt.cpp */ = {isa = PBXFileReference; fileEncoding = 4; lastKnownFileType = sourcecode.cpp.cpp; path = RadioAlt.cpp; sourceTree = "<group>"; };
		EB071D501BD03E3800119F20 /* RadioAlt.h */ = {isa = PBXFileReference; fileEncoding = 4; lastKnownFileType = sourcecode.c.h; path = RadioAlt.h; sourceTree = "<group>"; };
		EB071D511BD03E3800119F20 /* StaticProbe.cpp */ = {isa = PBXFileReference; fileEncoding = 4; lastKnownFileType = sourcecode.cpp.cpp; path = StaticProbe.cpp; sourceTree = "<group>"; };
		EB071D521BD03E3800119F20 /* StaticProbe.h */ = {isa = PBXFileReference; fileEncoding = 4; lastKnownFileType = sourcecode.c.h; path = StaticProbe.h; sourceTree = "<group>"; };
		EB071D531BD03E3800119F20 /* TATProbe.cpp */ = {isa = PBXFileReference; fileEncoding = 4; lastKnownFileType = sourcecode.cpp.cpp; path = TATProbe.cpp; sourceTree = "<group>"; };
		EB071D541BD03E3800119F20 /* TATProbe.h */ = {isa = PBXFileReference; fileEncoding = 4; lastKnownFileType = sourcecode.c.h; path = TATProbe.h; sourceTree = "<group>"; };
		EB071D561BD03E3800119F20 /* Electric.h */ = {isa = PBXFileReference; fileEncoding = 4; lastKnownFileType = sourcecode.c.h; path = Electric.h; sourceTree = "<group>"; };
		EB071D571BD03E3800119F20 /* ElectricBus.cpp */ = {isa = PBXFileReference; fileEncoding = 4; lastKnownFileType = sourcecode.cpp.cpp; path = ElectricBus.cpp; sourceTree = "<group>"; };
		EB071D581BD03E3800119F20 /* ElectricGenerator.cpp */ = {isa = PBXFileReference; fileEncoding = 4; lastKnownFileType = sourcecode.cpp.cpp; path = ElectricGenerator.cpp; sourceTree = "<group>"; };
		EB071D591BD03E3800119F20 /* ElectricNetwork.cpp */ = {isa = PBXFileReference; fileEncoding = 4; lastKnownFileType = sourcecode.cpp.cpp; path = ElectricNetwork.cpp; sourceTree = "<group>"; };
		EB071D5A1BD03E3800119F20 /* ElectricSink.cpp */ = {isa = PBXFileReference; fileEncoding = 4; lastKnownFileType = sourcecode.cpp.cpp; path = ElectricSink.cpp; sourceTree = "<group>"; };
		EB071D5B1BD03E3800119F20 /* ElectricSource.cpp */ = {isa = PBXFileReference; fileEncoding = 4; lastKnownFileType = sourcecode.cpp.cpp; path = ElectricSource.cpp; sourceTree = "<group>"; };
		EB071D5C1BD03E3800119F20 /* todo.txt */ = {isa = PBXFileReference; fileEncoding = 4; lastKnownFileType = text; path = todo.txt; sourceTree = "<group>"; };
		EBD4FD7F1BCF29B8003905E7 /* XPLM.framework */ = {isa = PBXFileReference; lastKnownFileType = wrapper.framework; name = XPLM.framework; path = ../usr/lib/XPLM.framework; sourceTree = "<group>"; };
		EBD4FD811BCF29C1003905E7 /* XPWidgets.framework */ = {isa = PBXFileReference; lastKnownFileType = wrapper.framework; name = XPWidgets.framework; path = ../usr/lib/XPWidgets.framework; sourceTree = "<group>"; };
/* End PBXFileReference section */

/* Begin PBXFrameworksBuildPhase section */
		D607B19709A556E400699BC3 /* Frameworks */ = {
			isa = PBXFrameworksBuildPhase;
			buildActionMask = 2147483647;
			files = (
				EBD4FD821BCF29C1003905E7 /* XPWidgets.framework in Frameworks */,
				D6A7BDAA16A1DEA200D1426A /* OpenGL.framework in Frameworks */,
				D6A7BDC116A1DEC000D1426A /* CoreFoundation.framework in Frameworks */,
				EBD4FD801BCF29B8003905E7 /* XPLM.framework in Frameworks */,
			);
			runOnlyForDeploymentPostprocessing = 0;
		};
/* End PBXFrameworksBuildPhase section */

/* Begin PBXGroup section */
		D607B15F09A5563000699BC3 = {
			isa = PBXGroup;
			children = (
				EB0707D01BD03E3400119F20 /* src */,
				D6A7BDAD16A1DEA700D1426A /* Frameworks */,
				D607B19A09A556E400699BC3 /* Products */,
			);
			sourceTree = "<group>";
		};
		D607B19A09A556E400699BC3 /* Products */ = {
			isa = PBXGroup;
			children = (
				D607B19909A556E400699BC3 /* XPAirbusSystems.xpl */,
			);
			name = Products;
			sourceTree = "<group>";
		};
		D6A7BDAD16A1DEA700D1426A /* Frameworks */ = {
			isa = PBXGroup;
			children = (
				EBD4FD811BCF29C1003905E7 /* XPWidgets.framework */,
				EBD4FD7F1BCF29B8003905E7 /* XPLM.framework */,
				D6A7BDC016A1DEC000D1426A /* CoreFoundation.framework */,
				D6A7BDA916A1DEA200D1426A /* OpenGL.framework */,
			);
			name = Frameworks;
			sourceTree = "<group>";
		};
		EB0707D01BD03E3400119F20 /* src */ = {
			isa = PBXGroup;
			children = (
				EB0707D11BD03E3400119F20 /* A320.cpp */,
				EB0707D21BD03E3400119F20 /* A320.h */,
				EB0707D31BD03E3400119F20 /* core */,
				EB0707DC1BD03E3400119F20 /* DebugWindow.cpp */,
				EB0707DD1BD03E3400119F20 /* DebugWindow.h */,
				EB0707DE1BD03E3400119F20 /* main.cpp */,
				EB0707DF1BD03E3400119F20 /* main.h */,
				EB0707E21BD03E3400119F20 /* sim_interface */,
				EB071D2F1BD03E3800119F20 /* systems */,
				EB071D5C1BD03E3800119F20 /* todo.txt */,
			);
			name = src;
			sourceTree = "<group>";
		};
		EB0707D31BD03E3400119F20 /* core */ = {
			isa = PBXGroup;
			children = (
				EB0707D41BD03E3400119F20 /* AdiruData.h */,
				EB0707D51BD03E3400119F20 /* AircraftState.cpp */,
				EB0707D61BD03E3400119F20 /* AircraftState.h */,
				EB0707D71BD03E3400119F20 /* Calculator.cpp */,
				EB0707D81BD03E3400119F20 /* core.h */,
				EB0707D91BD03E3400119F20 /* MessageLogger.cpp */,
				EB0707DA1BD03E3400119F20 /* PID_v1.cpp */,
				EB0707DB1BD03E3400119F20 /* PID_v1.h */,
			);
			path = core;
			sourceTree = "<group>";
		};
		EB0707E21BD03E3400119F20 /* sim_interface */ = {
			isa = PBXGroup;
			children = (
				EB0707E31BD03E3400119F20 /* SimulatorInterface.cpp */,
				EB0707E41BD03E3400119F20 /* SimulatorInterface.h */,
				EB0707E51BD03E3400119F20 /* XPlaneInterface.cpp */,
				EB0707E61BD03E3400119F20 /* XPlaneInterface.h */,
			);
			path = sim_interface;
			sourceTree = "<group>";
		};
		EB071D2F1BD03E3800119F20 /* systems */ = {
			isa = PBXGroup;
			children = (
				EB071D301BD03E3800119F20 /* AirbusComponent.cpp */,
				EB071D311BD03E3800119F20 /* AirbusComponent.h */,
				EB071D321BD03E3800119F20 /* ATA22_ELAC.cpp */,
				EB071D331BD03E3800119F20 /* ATA22_ELAC.h */,
				EB071D341BD03E3800119F20 /* ATA22_FMGC.cpp */,
				EB071D351BD03E3800119F20 /* ATA22_FMGC.h */,
				EB071D361BD03E3800119F20 /* ATA31_DMC.cpp */,
				EB071D371BD03E3800119F20 /* ATA31_DMC.h */,
				EB071D381BD03E3800119F20 /* ATA31_DU.cpp */,
				EB071D391BD03E3800119F20 /* ATA31_DU.h */,
				EB071D3A1BD03E3800119F20 /* ATA31_EWD.cpp */,
				EB071D3B1BD03E3800119F20 /* ATA31_EWD.h */,
				EB071D3C1BD03E3800119F20 /* ATA31_FWC.cpp */,
				EB071D3D1BD03E3800119F20 /* ATA31_FWC.h */,
				EB071D3E1BD03E3800119F20 /* ATA31_ND.cpp */,
				EB071D3F1BD03E3800119F20 /* ATA31_ND.h */,
				EB071D401BD03E3800119F20 /* ATA31_PFD.cpp */,
				EB071D411BD03E3800119F20 /* ATA31_PFD.h */,
				EB071D421BD03E3800119F20 /* ATA31_SD.cpp */,
				EB071D431BD03E3800119F20 /* ATA31_SD.h */,
				EB071D441BD03E3800119F20 /* ATA31_SDAC.cpp */,
				EB071D451BD03E3800119F20 /* ATA31_SDAC.h */,
				EB071D461BD03E3800119F20 /* ATA32_LGCIU.cpp */,
				EB071D471BD03E3800119F20 /* ATA32_LGCIU.h */,
				EB071D481BD03E3800119F20 /* ATA34 */,
				EB071D551BD03E3800119F20 /* Electric */,
			);
			path = systems;
			sourceTree = "<group>";
		};
		EB071D481BD03E3800119F20 /* ATA34 */ = {
			isa = PBXGroup;
			children = (
				EB071D491BD03E3800119F20 /* ADIRU.cpp */,
				EB071D4A1BD03E3800119F20 /* ADIRU.h */,
				EB071D4B1BD03E3800119F20 /* AOAProbe.cpp */,
				EB071D4C1BD03E3800119F20 /* AOAProbe.h */,
				EB071D4D1BD03E3800119F20 /* PitotProbe.cpp */,
				EB071D4E1BD03E3800119F20 /* PitotProbe.h */,
				EB071D4F1BD03E3800119F20 /* RadioAlt.cpp */,
				EB071D501BD03E3800119F20 /* RadioAlt.h */,
				EB071D511BD03E3800119F20 /* StaticProbe.cpp */,
				EB071D521BD03E3800119F20 /* StaticProbe.h */,
				EB071D531BD03E3800119F20 /* TATProbe.cpp */,
				EB071D541BD03E3800119F20 /* TATProbe.h */,
			);
			path = ATA34;
			sourceTree = "<group>";
		};
		EB071D551BD03E3800119F20 /* Electric */ = {
			isa = PBXGroup;
			children = (
				EB071D561BD03E3800119F20 /* Electric.h */,
				EB071D571BD03E3800119F20 /* ElectricBus.cpp */,
				EB071D581BD03E3800119F20 /* ElectricGenerator.cpp */,
				EB071D591BD03E3800119F20 /* ElectricNetwork.cpp */,
				EB071D5A1BD03E3800119F20 /* ElectricSink.cpp */,
				EB071D5B1BD03E3800119F20 /* ElectricSource.cpp */,
			);
			path = Electric;
			sourceTree = "<group>";
		};
/* End PBXGroup section */

/* Begin PBXNativeTarget section */
		D607B19809A556E400699BC3 /* XPAirbusSystems */ = {
			isa = PBXNativeTarget;
			buildConfigurationList = D607B19B09A556E400699BC3 /* Build configuration list for PBXNativeTarget "XPAirbusSystems" */;
			buildPhases = (
				D607B19609A556E400699BC3 /* Sources */,
				D607B19709A556E400699BC3 /* Frameworks */,
				EB21DAB21BD3E76400A9A10B /* ShellScript */,
			);
			buildRules = (
			);
			dependencies = (
			);
			name = XPAirbusSystems;
			productName = StarterPlugin;
			productReference = D607B19909A556E400699BC3 /* XPAirbusSystems.xpl */;
			productType = "com.apple.product-type.library.dynamic";
		};
/* End PBXNativeTarget section */

/* Begin PBXProject section */
		D607B16109A5563100699BC3 /* Project object */ = {
			isa = PBXProject;
			attributes = {
				KnownAssetTags = (
					New,
				);
				LastUpgradeCheck = 0700;
			};
			buildConfigurationList = D607B16209A5563100699BC3 /* Build configuration list for PBXProject "XPAirbusSystems" */;
			compatibilityVersion = "Xcode 3.2";
			developmentRegion = English;
			hasScannedForEncodings = 0;
			knownRegions = (
				English,
				Japanese,
				French,
				German,
			);
			mainGroup = D607B15F09A5563000699BC3;
			productRefGroup = D607B19A09A556E400699BC3 /* Products */;
			projectDirPath = "";
			projectRoot = "";
			targets = (
				D607B19809A556E400699BC3 /* XPAirbusSystems */,
			);
		};
/* End PBXProject section */

/* Begin PBXShellScriptBuildPhase section */
		EB21DAB21BD3E76400A9A10B /* ShellScript */ = {
			isa = PBXShellScriptBuildPhase;
			buildActionMask = 2147483647;
			files = (
			);
			inputPaths = (
				"",
			);
			outputPaths = (
			);
			runOnlyForDeploymentPostprocessing = 0;
			shellPath = "/bin/sh $(SOURCE_ROOT)/../post_build_event.sh";
			shellScript = "";
		};
/* End PBXShellScriptBuildPhase section */

/* Begin PBXSourcesBuildPhase section */
		D607B19609A556E400699BC3 /* Sources */ = {
			isa = PBXSourcesBuildPhase;
			buildActionMask = 2147483647;
			files = (
				EB21DAB11BD2DB1500A9A10B /* A320.cpp in Sources */,
				EB071D681BD03E3800119F20 /* SimulatorInterface.cpp in Sources */,
				EB071D631BD03E3800119F20 /* Calculator.cpp in Sources */,
				EB0725C41BD03E3900119F20 /* ATA31_ND.cpp in Sources */,
				EB0725C31BD03E3900119F20 /* ATA31_FWC.cpp in Sources */,
				EB0725CC1BD03E3900119F20 /* RadioAlt.cpp in Sources */,
				EB0725CD1BD03E3900119F20 /* StaticProbe.cpp in Sources */,
				EB071D661BD03E3800119F20 /* DebugWindow.cpp in Sources */,
				EB071D621BD03E3800119F20 /* AircraftState.cpp in Sources */,
				EB0725C01BD03E3900119F20 /* ATA31_DMC.cpp in Sources */,
				EB0725D11BD03E3900119F20 /* ElectricNetwork.cpp in Sources */,
				EB0725BF1BD03E3900119F20 /* ATA22_FMGC.cpp in Sources */,
				EB0725C61BD03E3900119F20 /* ATA31_SD.cpp in Sources */,
				EB0725CE1BD03E3900119F20 /* TATProbe.cpp in Sources */,
				EB071D671BD03E3800119F20 /* main.cpp in Sources */,
				EB071D641BD03E3800119F20 /* MessageLogger.cpp in Sources */,
				EB0725CF1BD03E3900119F20 /* ElectricBus.cpp in Sources */,
				EB071D651BD03E3800119F20 /* PID_v1.cpp in Sources */,
				EB0725C91BD03E3900119F20 /* ADIRU.cpp in Sources */,
				EB071D691BD03E3800119F20 /* XPlaneInterface.cpp in Sources */,
				EB0725D21BD03E3900119F20 /* ElectricSink.cpp in Sources */,
				EB0725C51BD03E3900119F20 /* ATA31_PFD.cpp in Sources */,
				EB0725D01BD03E3900119F20 /* ElectricGenerator.cpp in Sources */,
				EB0725C21BD03E3900119F20 /* ATA31_EWD.cpp in Sources */,
				EB0725D31BD03E3900119F20 /* ElectricSource.cpp in Sources */,
				EB0725C81BD03E3900119F20 /* ATA32_LGCIU.cpp in Sources */,
				EB0725BE1BD03E3900119F20 /* ATA22_ELAC.cpp in Sources */,
				EB0725C71BD03E3900119F20 /* ATA31_SDAC.cpp in Sources */,
				EB0725C11BD03E3900119F20 /* ATA31_DU.cpp in Sources */,
				EB0725BD1BD03E3900119F20 /* AirbusComponent.cpp in Sources */,
				EB0725CA1BD03E3900119F20 /* AOAProbe.cpp in Sources */,
				EB0725CB1BD03E3900119F20 /* PitotProbe.cpp in Sources */,
			);
			runOnlyForDeploymentPostprocessing = 0;
		};
/* End PBXSourcesBuildPhase section */

/* Begin XCBuildConfiguration section */
		D607B16309A5563100699BC3 /* Debug */ = {
			isa = XCBuildConfiguration;
			buildSettings = {
				DYLIB_COMPATIBILITY_VERSION = "";
				DYLIB_CURRENT_VERSION = "";
				ENABLE_TESTABILITY = YES;
				EXECUTABLE_EXTENSION = xpl;
				FRAMEWORK_SEARCH_PATHS = "${XPSDK_ROOT}/lib";
				GCC_PREPROCESSOR_DEFINITIONS = (
					"APL=1",
					"IBM=0",
					"LIN=0",
					"XPLM200=1",
					"XPLM210=1",
				);
				GCC_SYMBOLS_PRIVATE_EXTERN = YES;
				GCC_VERSION = "";
				HEADER_SEARCH_PATHS = (
					"${XPSDK_ROOT}/include",
					"$(HEADER_SEARCH_PATHS)",
				);
				MACH_O_TYPE = mh_bundle;
				MACOSX_DEPLOYMENT_TARGET = 10.6;
				ONLY_ACTIVE_ARCH = YES;
				OTHER_LDFLAGS = (
					"$(OTHER_LDFLAGS)",
					"-Wl,-exported_symbol",
					"-Wl,_XPluginStart",
					"-Wl,-exported_symbol",
					"-Wl,_XPluginEnable",
					"-Wl,-exported_symbol",
					"-Wl,_XPluginReceiveMessage",
					"-Wl,-exported_symbol",
					"-Wl,_XPluginDisable",
					"-Wl,-exported_symbol",
					"-Wl,_XPluginStop",
				);
				PREBINDING = NO;
				PRODUCT_NAME = "${TARGET_NAME}";
				SDKROOT = macosx;
				USER_HEADER_SEARCH_PATHS = .;
				XPSDK_ROOT = ../usr;
			};
			name = Debug;
		};
		D607B16409A5563100699BC3 /* Release */ = {
			isa = XCBuildConfiguration;
			buildSettings = {
				DYLIB_COMPATIBILITY_VERSION = "";
				DYLIB_CURRENT_VERSION = "";
				EXECUTABLE_EXTENSION = xpl;
				FRAMEWORK_SEARCH_PATHS = "${XPSDK_ROOT}/lib";
				GCC_PREPROCESSOR_DEFINITIONS = (
					"APL=1",
					"IBM=0",
					"LIN=0",
					"XPLM200=1",
					"XPLM210=1",
				);
				GCC_SYMBOLS_PRIVATE_EXTERN = YES;
				GCC_VERSION = "";
				HEADER_SEARCH_PATHS = (
					"${XPSDK_ROOT}/include",
					"$(HEADER_SEARCH_PATHS)",
				);
				MACH_O_TYPE = mh_bundle;
				MACOSX_DEPLOYMENT_TARGET = 10.6;
				OTHER_LDFLAGS = (
					"$(OTHER_LDFLAGS)",
					"-Wl,-exported_symbol",
					"-Wl,_XPluginStart",
					"-Wl,-exported_symbol",
					"-Wl,_XPluginEnable",
					"-Wl,-exported_symbol",
					"-Wl,_XPluginReceiveMessage",
					"-Wl,-exported_symbol",
					"-Wl,_XPluginDisable",
					"-Wl,-exported_symbol",
					"-Wl,_XPluginStop",
				);
				PREBINDING = NO;
				PRODUCT_NAME = "${TARGET_NAME}";
				SDKROOT = macosx;
				USER_HEADER_SEARCH_PATHS = .;
				XPSDK_ROOT = ../usr;
			};
			name = Release;
		};
		D607B19C09A556E400699BC3 /* Debug */ = {
			isa = XCBuildConfiguration;
			buildSettings = {
				ARCHS = "$(ARCHS_STANDARD_64_BIT)";
				COMBINE_HIDPI_IMAGES = YES;
				HEADER_SEARCH_PATHS = (
					"${XPSDK_ROOT}/include",
					"$(HEADER_SEARCH_PATHS)",
					"./**",
				);
				INCLUDED_RECURSIVE_SEARCH_PATH_SUBDIRECTORIES = "";
				PRODUCT_NAME = XPAirbusSystems;
				USER_HEADER_SEARCH_PATHS = .;
				XPSDK_ROOT = ../usr;
			};
			name = Debug;
		};
		D607B19D09A556E400699BC3 /* Release */ = {
			isa = XCBuildConfiguration;
			buildSettings = {
				ARCHS = "$(ARCHS_STANDARD_64_BIT)";
				COMBINE_HIDPI_IMAGES = YES;
				HEADER_SEARCH_PATHS = (
					"${XPSDK_ROOT}/include",
					"$(HEADER_SEARCH_PATHS)",
					"./**",
				);
				INCLUDED_RECURSIVE_SEARCH_PATH_SUBDIRECTORIES = "";
				PRODUCT_NAME = XPAirbusSystems;
				USER_HEADER_SEARCH_PATHS = .;
				XPSDK_ROOT = ../usr;
			};
			name = Release;
		};
/* End XCBuildConfiguration section */

/* Begin XCConfigurationList section */
		D607B16209A5563100699BC3 /* Build configuration list for PBXProject "XPAirbusSystems" */ = {
			isa = XCConfigurationList;
			buildConfigurations = (
				D607B16309A5563100699BC3 /* Debug */,
				D607B16409A5563100699BC3 /* Release */,
			);
			defaultConfigurationIsVisible = 0;
			defaultConfigurationName = Release;
		};
		D607B19B09A556E400699BC3 /* Build configuration list for PBXNativeTarget "XPAirbusSystems" */ = {
			isa = XCConfigurationList;
			buildConfigurations = (
				D607B19C09A556E400699BC3 /* Debug */,
				D607B19D09A556E400699BC3 /* Release */,
			);
			defaultConfigurationIsVisible = 0;
			defaultConfigurationName = Release;
		};
/* End XCConfigurationList section */
	};
	rootObject = D607B16109A5563100699BC3 /* Project object */;
}
