<?xml version="1.0" encoding="utf-8"?>
<Project ToolsVersion="4.0" xmlns="http://schemas.microsoft.com/developer/msbuild/2003">
  <ItemGroup>
    <ClCompile Include="A320.cpp" />
    <ClCompile Include="main.cpp" />
    <ClCompile Include="systems\AirbusComponent.cpp" />
    <ClCompile Include="systems\ATA22_ELAC.cpp" />
    <ClCompile Include="systems\ATA31_DMC.cpp" />
    <ClCompile Include="systems\ATA31_DU.cpp" />
    <ClCompile Include="systems\ATA31_EWD.cpp" />
    <ClCompile Include="systems\ATA31_FWC.cpp" />
    <ClCompile Include="systems\ATA31_ND.cpp" />
    <ClCompile Include="systems\ATA31_PFD.cpp" />
    <ClCompile Include="systems\ATA31_SD.cpp" />
    <ClCompile Include="systems\ATA31_SDAC.cpp" />
    <ClCompile Include="systems\ATA32_LGCIU.cpp" />
    <ClCompile Include="systems\ATA22_FMGC.cpp" />
    <ClCompile Include="sim_interface\SimulatorInterface.cpp" />
    <ClCompile Include="sim_interface\XPlaneInterface.cpp" />
    <ClCompile Include="systems\ATA34\AOAProbe.cpp" />
    <ClCompile Include="systems\ATA34\PitotProbe.cpp" />
    <ClCompile Include="systems\ATA34\StaticProbe.cpp" />
    <ClCompile Include="systems\ATA34\TATProbe.cpp" />
    <ClCompile Include="systems\ATA34\RadioAlt.cpp" />
    <ClCompile Include="systems\ATA34\ADIRU.cpp" />
    <ClCompile Include="systems\Electric\ElectricNetwork.cpp" />
    <ClCompile Include="systems\Electric\ElectricGenerator.cpp" />
    <ClCompile Include="systems\Electric\ElectricBus.cpp" />
    <ClCompile Include="systems\Electric\ElectricSink.cpp" />
    <ClCompile Include="systems\Electric\ElectricSource.cpp" />
    <ClCompile Include="core\MessageLogger.cpp" />
    <ClCompile Include="core\PID_v1.cpp" />
    <ClCompile Include="core\Calculator.cpp" />
    <ClCompile Include="core\AircraftState.cpp" />
    <ClCompile Include="DebugWindow.cpp" />
    <ClCompile Include="systems\ATA22\FAC.cpp" />
    <ClCompile Include="systems\ATA27\FCDC.cpp" />
  </ItemGroup>
  <ItemGroup>
    <ClInclude Include="A320.h" />
    <ClInclude Include="systems\AirbusComponent.h" />
    <ClInclude Include="systems\ATA22_ELAC.h" />
    <ClInclude Include="systems\ATA31_DMC.h" />
    <ClInclude Include="systems\ATA31_DU.h" />
    <ClInclude Include="systems\ATA31_EWD.h" />
    <ClInclude Include="systems\ATA31_FWC.h" />
    <ClInclude Include="systems\ATA31_ND.h" />
    <ClInclude Include="systems\ATA31_PFD.h" />
    <ClInclude Include="systems\ATA31_SD.h" />
    <ClInclude Include="systems\ATA31_SDAC.h" />
    <ClInclude Include="systems\ATA32_LGCIU.h" />
    <ClInclude Include="systems\ATA22_FMGC.h" />
    <ClInclude Include="sim_interface\SimulatorInterface.h" />
    <ClInclude Include="sim_interface\XPlaneInterface.h" />
    <ClInclude Include="systems\ATA34\AOAProbe.h" />
    <ClInclude Include="systems\ATA34\PitotProbe.h" />
    <ClInclude Include="systems\ATA34\StaticProbe.h" />
    <ClInclude Include="systems\ATA34\TATProbe.h" />
    <ClInclude Include="systems\ATA34\RadioAlt.h" />
    <ClInclude Include="systems\ATA34\ADIRU.h" />
    <ClInclude Include="core\core.h" />
    <ClInclude Include="systems\Electric\Electric.h" />
    <ClInclude Include="core\PID_v1.h" />
    <ClInclude Include="core\AircraftState.h" />
    <ClInclude Include="DebugWindow.h" />
    <ClInclude Include="main.h" />
    <ClInclude Include="systems\ATA34\AdiruData.h" />
    <ClInclude Include="systems\ATA22\FAC.h" />
    <ClInclude Include="systems\ATA27\FCDC.h" />
  </ItemGroup>
  <ItemGroup>
    <Text Include="todo.txt" />
  </ItemGroup>
</Project>